
Microsoft Visual Studio Solution File, Format Version 12.00
# Visual Studio Version 17
VisualStudioVersion = 17.10.35027.167
MinimumVisualStudioVersion = 10.0.40219.1
Project("{FAE04EC0-301F-11D3-BF4B-00C04F79EFBC}") = "carpetStore", "carpetStore\carpetStore.csproj", "{3C0DB4A2-DD50-4494-A534-C2CBF6ABCCCF}"
EndProject
Global
	GlobalSection(SolutionConfigurationPlatforms) = preSolution
		Debug|Any CPU = Debug|Any CPU
		Release|Any CPU = Release|Any CPU
	EndGlobalSection
	GlobalSection(ProjectConfigurationPlatforms) = postSolution
		{3C0DB4A2-DD50-4494-A534-C2CBF6ABCCCF}.Debug|Any CPU.ActiveCfg = Debug|Any CPU
		{3C0DB4A2-DD50-4494-A534-C2CBF6ABCCCF}.Debug|Any CPU.Build.0 = Debug|Any CPU
		{3C0DB4A2-DD50-4494-A534-C2CBF6ABCCCF}.Release|Any CPU.ActiveCfg = Release|Any CPU
		{3C0DB4A2-DD50-4494-A534-C2CBF6ABCCCF}.Release|Any CPU.Build.0 = Release|Any CPU
	EndGlobalSection
	GlobalSection(SolutionProperties) = preSolution
		HideSolutionNode = FALSE
	EndGlobalSection
	GlobalSection(ExtensibilityGlobals) = postSolution
		SolutionGuid = {8887CB02-D42D-48A1-A04C-CAA32A7E36B9}
	EndGlobalSection
EndGlobal
